
Microsoft Visual Studio Solution File, Format Version 12.00
# Visual Studio Version 16
VisualStudioVersion = 16.0.29311.281
MinimumVisualStudioVersion = 10.0.40219.1
Project("{FAE04EC0-301F-11D3-BF4B-00C04F79EFBC}") = "YoutubeCenter", "YoutubeCenter\YoutubeCenter.csproj", "{11DCAD6B-0CF9-46B0-B3DB-B7E95BF240F9}"
EndProject
Project("{FAE04EC0-301F-11D3-BF4B-00C04F79EFBC}") = "YoutubeCenter.Library", "YoutubeCenter.Library\YoutubeCenter.Library.csproj", "{3E2000B5-AF98-445B-8C93-06E9DBCB4433}"
EndProject
Global
	GlobalSection(SolutionConfigurationPlatforms) = preSolution
		Debug|Any CPU = Debug|Any CPU
		Release|Any CPU = Release|Any CPU
	EndGlobalSection
	GlobalSection(ProjectConfigurationPlatforms) = postSolution
		{11DCAD6B-0CF9-46B0-B3DB-B7E95BF240F9}.Debug|Any CPU.ActiveCfg = Debug|Any CPU
		{11DCAD6B-0CF9-46B0-B3DB-B7E95BF240F9}.Debug|Any CPU.Build.0 = Debug|Any CPU
		{11DCAD6B-0CF9-46B0-B3DB-B7E95BF240F9}.Release|Any CPU.ActiveCfg = Release|Any CPU
		{11DCAD6B-0CF9-46B0-B3DB-B7E95BF240F9}.Release|Any CPU.Build.0 = Release|Any CPU
		{3E2000B5-AF98-445B-8C93-06E9DBCB4433}.Debug|Any CPU.ActiveCfg = Debug|Any CPU
		{3E2000B5-AF98-445B-8C93-06E9DBCB4433}.Debug|Any CPU.Build.0 = Debug|Any CPU
		{3E2000B5-AF98-445B-8C93-06E9DBCB4433}.Release|Any CPU.ActiveCfg = Release|Any CPU
		{3E2000B5-AF98-445B-8C93-06E9DBCB4433}.Release|Any CPU.Build.0 = Release|Any CPU
	EndGlobalSection
	GlobalSection(SolutionProperties) = preSolution
		HideSolutionNode = FALSE
	EndGlobalSection
	GlobalSection(ExtensibilityGlobals) = postSolution
		SolutionGuid = {F7F28D60-ED5B-4829-A298-B9DBFF29C532}
	EndGlobalSection
EndGlobal
